dependencies:
  espressif/esp_tinyusb:
    component_hash: f151d680d6847bfcfd5d8eb6d1c3ff926c208e6b963b2e83643a141bc70baa15
    source:
      service_url: https://api.components.espressif.com/
      type: service
    version: 1.4.4
  espressif/mdns:
    component_hash: d8ae7aa491ff97aea1d00d514a1de42cdbaaf1bce10df183968fa5594b904de7
    source:
      service_url: https://api.components.espressif.com/
      type: service
    version: 1.2.5
  espressif/tinyusb:
    component_hash: 51f2fe138a3095c001467e63b46a77def8e4a136fb49f7cf7766533e772af820
    source:
      service_url: https://api.components.espressif.com/
      type: service
    version: 0.15.0~8
  idf:
    component_hash: null
    source:
      type: idf
    version: 5.1.3
manifest_hash: 6c7fa1ef2b41bf2acb49e3ceefe1f01f3c7dd9b0a99f5b3c1efe426973127267
target: esp32s3
version: 1.0.0
